
Microsoft Visual Studio Solution File, Format Version 12.00
# Visual Studio 15
VisualStudioVersion = 15.0.28307.1231
MinimumVisualStudioVersion = 10.0.40219.1
Project("{FAE04EC0-301F-11D3-BF4B-00C04F79EFBC}") = "InquiadTradingApp", "InquiadTradingApp\InquiadTradingApp.csproj", "{1C436CB0-3A39-46AB-9F94-25E8136A7EC9}"
EndProject
Global
	GlobalSection(SolutionConfigurationPlatforms) = preSolution
		Debug|Any CPU = Debug|Any CPU
		Release|Any CPU = Release|Any CPU
	EndGlobalSection
	GlobalSection(ProjectConfigurationPlatforms) = postSolution
		{1C436CB0-3A39-46AB-9F94-25E8136A7EC9}.Debug|Any CPU.ActiveCfg = Debug|Any CPU
		{1C436CB0-3A39-46AB-9F94-25E8136A7EC9}.Debug|Any CPU.Build.0 = Debug|Any CPU
		{1C436CB0-3A39-46AB-9F94-25E8136A7EC9}.Release|Any CPU.ActiveCfg = Release|Any CPU
		{1C436CB0-3A39-46AB-9F94-25E8136A7EC9}.Release|Any CPU.Build.0 = Release|Any CPU
	EndGlobalSection
	GlobalSection(SolutionProperties) = preSolution
		HideSolutionNode = FALSE
	EndGlobalSection
	GlobalSection(ExtensibilityGlobals) = postSolution
		SolutionGuid = {EDEA7164-009D-4F6B-A5E5-D70F37B4F070}
	EndGlobalSection
EndGlobal
